dependencies:
- name: postgres-go
  repository: file://charts/postgres-go
  version: 0.1.0
- name: postgres-django
  repository: file://charts/postgres-django
  version: 0.1.0
- name: redis-go
  repository: file://charts/redis-go
  version: 0.1.0
- name: redis-django
  repository: file://charts/redis-django
  version: 0.1.0
- name: kafka
  repository: file://charts/kafka
  version: 0.1.0
- name: kratos
  repository: file://charts/kratos
  version: 0.1.0
- name: promtail
  repository: file://charts/promtail
  version: 0.1.0
- name: hydra
  repository: file://charts/hydra
  version: 0.1.0
digest: sha256:d439c858663f341f4edc61f88775816c5d876eab3a5e3659dbcaa8081d97651e
generated: "2026-04-20T15:51:38.940854+09:00"
